
Microsoft Visual Studio Solution File, Format Version 12.00
# Visual Studio 15
VisualStudioVersion = 15.0.27703.2042
MinimumVisualStudioVersion = 10.0.40219.1
Project("{FAE04EC0-301F-11D3-BF4B-00C04F79EFBC}") = "интернет_магазин", "интернет_магазин\интернет_магазин.csproj", "{5DF08E67-68A5-4A42-976E-35AE38F28F21}"
EndProject
Global
	GlobalSection(SolutionConfigurationPlatforms) = preSolution
		Debug|Any CPU = Debug|Any CPU
		Release|Any CPU = Release|Any CPU
	EndGlobalSection
	GlobalSection(ProjectConfigurationPlatforms) = postSolution
		{5DF08E67-68A5-4A42-976E-35AE38F28F21}.Debug|Any CPU.ActiveCfg = Debug|Any CPU
		{5DF08E67-68A5-4A42-976E-35AE38F28F21}.Debug|Any CPU.Build.0 = Debug|Any CPU
		{5DF08E67-68A5-4A42-976E-35AE38F28F21}.Release|Any CPU.ActiveCfg = Release|Any CPU
		{5DF08E67-68A5-4A42-976E-35AE38F28F21}.Release|Any CPU.Build.0 = Release|Any CPU
	EndGlobalSection
	GlobalSection(SolutionProperties) = preSolution
		HideSolutionNode = FALSE
	EndGlobalSection
	GlobalSection(ExtensibilityGlobals) = postSolution
		SolutionGuid = {BC8ABF7D-1F6E-4AE0-BC73-8999234AA60F}
	EndGlobalSection
EndGlobal
